github.com/ebitengine/gomobile v0.0.0-20260820040257-d11f821a26a6 h1:Tnc3YtzxhgsvNdNrER9wWkGJbyjOwyUuzjUY5rZK72k=
github.com/ebitengine/gomobile v0.0.0-20260820040257-d11f821a26a6/go.mod h1:gwnFEwdzWZpNehgwkeK4756Ez58f58bXz6bgEAq+xqk=
github.com/ebitengine/hideconsole v1.0.0 h1:5J4U0kXF+pv/DhiXt5/lTz0eO5ogJ1iXb8Yj1yReDqE=
github.com/ebitengine/hideconsole v1.0.0/go.mod h1:hTTBTvVYWKBuxPr7peweneWdkUwEuHuB3C1R/ielR1A=
github.com/ebitengine/oto/v3 v3.5.0 h1:8ZDhKP3Hhslyb9NL3g4HWvhRQqwI+hKOHAXAqD6GPXs=
github.com/ebitengine/oto/v3 v3.5.0/go.mod h1:Elkm7yzTRns3w2efvibzVOoQ65YOwmec9a76dCiK10o=
github.com/ebitengine/purego v0.11.0 h1:jhp/D+Nyv7UUW8HAcmcjt2N2rYrYi9m3SL21k0Ua/NI=
github.com/ebitengine/purego v0.11.0/go.mod h1:DCHPP08djqhNSoTfImcnHYQRZmd0qhakvrozqaEYhGQ=
github.com/hajimehoshi/ebiten/v2 v2.10.1 h1:OniNNrTOaDqEU584eIkkWEkJzmSnqKaKT9BVIS3xXCo=
github.com/hajimehoshi/ebiten/v2 v2.10.1/go.mod h1:47QNgyS/y2ZRkjVUvlGLx8a+F7MSjcn8/GsjcCZ9Rc8=
github.com/jfreymuth/oggvorbis v1.0.5 h1:u+Ck+R0eLSRhgq8WTmffYnrVtSztJcYrl588DM4e3kQ=
github.com/jfreymuth/oggvorbis v1.0.5/go.mod h1:1U4pqWmghcoVsCJJ4fRBKv9peUJMBHixthRlBeD6uII=
github.com/jfreymuth/pulse v0.1.3 h1:bc5TdxiB8E+2INnFjFWWgyfgXtz2IyNNNCX+Wt/ZD14=
github.com/jfreymuth/pulse v0.1.3/go.mod h1:cpYspI6YljhkUf1WLXLLDmeaaPFc3CnGLjDZf9dZ4no=
github.com/jfreymuth/vorbis v1.0.2 h1:m1xH6+ZI4thH927pgKD8JOH4eaGRm18rEE9/0WKjvNE=
github.com/jfreymuth/vorbis v1.0.2/go.mod h1:DoftRo4AznKnShRl1GxiTFCseHr4zR9BN3TWXyuzrqQ=
golang.org/x/image v0.46.0 h1:b1+oYj0Jbp6K5MDT4i4/eZpYlk3V8SJhhDKh6LBHAyQ=
golang.org/x/image v0.46.0/go.mod h1:3B3W05VGVQyuXucLINLjXKrqISASfi4Xj+iCVkLMwew=
golang.org/x/sync v0.22.0 h1:SZjpbeLmrCk4xhRSZFNZW5gFUeCeFgjekvI/+gfScek=
golang.org/x/sync v0.22.0/go.mod h1:9xrNwdLfx4jkKbNva9FpL6vEN7evnE43NNNJQ2LF3+0=
golang.org/x/sys v0.48.0 h1:bbX/i/6MgT9BVLM9RT1thmxL04yeTAhbEz4SyadbXoo=
golang.org/x/sys v0.48.0/go.mod h1:hNLxWAXmnKAxqDtdwIYC4bM9oQPEecfsnNMuSxOs3og=
